{
  "originHash" : "58fdbfa8e63e9bef7db4e733e402298ff17313d883020efbb0aef05ba4f3bd4d",
  "pins" : [
    {
      "identity" : "corenetworking",
      "kind" : "remoteSourceControl",
      "location" : "https://github.com/NikolaPopovic993/CoreNetworking.git",
      "state" : {
        "revision" : "62ff470a40075a91ddc106a5c4fe4b58cbcd78b2",
        "version" : "2.0.1"
      }
    }
  ],
  "version" : 3
}
