{
  "originHash" : "cafebb5877c8ab81a71a442dd30f2f55d65c4c3a9d921aa1c84adf794c6cabc6",
  "pins" : [
    {
      "identity" : "corenetworking",
      "kind" : "remoteSourceControl",
      "location" : "https://github.com/NikolaPopovic993/CoreNetworking.git",
      "state" : {
        "revision" : "4f6b25e190afd6a7b6a58225e5194c04fb4cc78a",
        "version" : "2.0.0"
      }
    }
  ],
  "version" : 3
}
